
Microsoft Visual Studio Solution File, Format Version 12.00
# Visual Studio Version 17
VisualStudioVersion = 17.0.31903.59
MinimumVisualStudioVersion = 10.0.40219.1
Project("{FAE04EC0-301F-11D3-BF4B-00C04F79EFBC}") = "Lab5.UI", "Lab5.UI\Lab5.UI.csproj", "{38125630-831B-4E14-BE6B-3D9039D1DAB1}"
EndProject
Project("{FAE04EC0-301F-11D3-BF4B-00C04F79EFBC}") = "Lab5.Application", "Lab5.Application\Lab5.Application.csproj", "{80E39EDE-FA42-4E04-9293-708FA711CF3F}"
EndProject
Project("{FAE04EC0-301F-11D3-BF4B-00C04F79EFBC}") = "Lab5.Persistance", "Lab5.Persistance\Lab5.Persistance.csproj", "{287FBE54-7AED-4269-BD3D-3D064FAFB6C2}"
EndProject
Project("{FAE04EC0-301F-11D3-BF4B-00C04F79EFBC}") = "Lab5.Domain", "Lab5.Domain\Lab5.Domain.csproj", "{00F8AF93-8A32-4F00-B9D0-3E4D2AEE8332}"
EndProject
Project("{FAE04EC0-301F-11D3-BF4B-00C04F79EFBC}") = "Lab5.ApplicationLayer", "Lab5.ApplicationLayer\Lab5.ApplicationLayer.csproj", "{02D4320B-79D2-4A00-916E-71365FF7AD62}"
EndProject
Global
	GlobalSection(SolutionConfigurationPlatforms) = preSolution
		Debug|Any CPU = Debug|Any CPU
		Release|Any CPU = Release|Any CPU
	EndGlobalSection
	GlobalSection(SolutionProperties) = preSolution
		HideSolutionNode = FALSE
	EndGlobalSection
	GlobalSection(ProjectConfigurationPlatforms) = postSolution
		{38125630-831B-4E14-BE6B-3D9039D1DAB1}.Debug|Any CPU.ActiveCfg = Debug|Any CPU
		{38125630-831B-4E14-BE6B-3D9039D1DAB1}.Debug|Any CPU.Build.0 = Debug|Any CPU
		{38125630-831B-4E14-BE6B-3D9039D1DAB1}.Release|Any CPU.ActiveCfg = Release|Any CPU
		{38125630-831B-4E14-BE6B-3D9039D1DAB1}.Release|Any CPU.Build.0 = Release|Any CPU
		{80E39EDE-FA42-4E04-9293-708FA711CF3F}.Debug|Any CPU.ActiveCfg = Debug|Any CPU
		{80E39EDE-FA42-4E04-9293-708FA711CF3F}.Debug|Any CPU.Build.0 = Debug|Any CPU
		{80E39EDE-FA42-4E04-9293-708FA711CF3F}.Release|Any CPU.ActiveCfg = Release|Any CPU
		{80E39EDE-FA42-4E04-9293-708FA711CF3F}.Release|Any CPU.Build.0 = Release|Any CPU
		{287FBE54-7AED-4269-BD3D-3D064FAFB6C2}.Debug|Any CPU.ActiveCfg = Debug|Any CPU
		{287FBE54-7AED-4269-BD3D-3D064FAFB6C2}.Debug|Any CPU.Build.0 = Debug|Any CPU
		{287FBE54-7AED-4269-BD3D-3D064FAFB6C2}.Release|Any CPU.ActiveCfg = Release|Any CPU
		{287FBE54-7AED-4269-BD3D-3D064FAFB6C2}.Release|Any CPU.Build.0 = Release|Any CPU
		{00F8AF93-8A32-4F00-B9D0-3E4D2AEE8332}.Debug|Any CPU.ActiveCfg = Debug|Any CPU
		{00F8AF93-8A32-4F00-B9D0-3E4D2AEE8332}.Debug|Any CPU.Build.0 = Debug|Any CPU
		{00F8AF93-8A32-4F00-B9D0-3E4D2AEE8332}.Release|Any CPU.ActiveCfg = Release|Any CPU
		{00F8AF93-8A32-4F00-B9D0-3E4D2AEE8332}.Release|Any CPU.Build.0 = Release|Any CPU
		{02D4320B-79D2-4A00-916E-71365FF7AD62}.Debug|Any CPU.ActiveCfg = Debug|Any CPU
		{02D4320B-79D2-4A00-916E-71365FF7AD62}.Debug|Any CPU.Build.0 = Debug|Any CPU
		{02D4320B-79D2-4A00-916E-71365FF7AD62}.Release|Any CPU.ActiveCfg = Release|Any CPU
		{02D4320B-79D2-4A00-916E-71365FF7AD62}.Release|Any CPU.Build.0 = Release|Any CPU
	EndGlobalSection
EndGlobal
